// !$*UTF8*$!
{
	archiveVersion = 1;
	classes = {
	};
	objectVersion = 50;
	objects = {

/* Begin PBXBuildFile section */
		918768E4267BAB5400A50951 /* AppDelegate.swift in Sources */ = {isa = PBXBuildFile; fileRef = 918768E3267BAB5400A50951 /* AppDelegate.swift */; };
		918768E6267BAB5400A50951 /* SceneDelegate.swift in Sources */ = {isa = PBXBuildFile; fileRef = 918768E5267BAB5400A50951 /* SceneDelegate.swift */; };
		918768E8267BAB5400A50951 /* ContentView.swift in Sources */ = {isa = PBXBuildFile; fileRef = 918768E7267BAB5400A50951 /* ContentView.swift */; };
		918768EB267BAB5400A50951 /* TodoeySwiftUI.xcdatamodeld in Sources */ = {isa = PBXBuildFile; fileRef = 918768E9267BAB5400A50951 /* TodoeySwiftUI.xcdatamodeld */; };
		918768ED267BAB5500A50951 /* Assets.xcassets in Resources */ = {isa = PBXBuildFile; fileRef = 918768EC267BAB5500A50951 /* Assets.xcassets */; };
		918768F0267BAB5500A50951 /* Preview Assets.xcassets in Resources */ = {isa = PBXBuildFile; fileRef = 918768EF267BAB5500A50951 /* Preview Assets.xcassets */; };
		918768F3267BAB5500A50951 /* LaunchScreen.storyboard in Resources */ = {isa = PBXBuildFile; fileRef = 918768F1267BAB5500A50951 /* LaunchScreen.storyboard */; };
/* End PBXBuildFile section */

/* Begin PBXFileReference section */
		918768E0267BAB5400A50951 /* TodoeySwiftUI.app */ = {isa = PBXFileReference; explicitFileType = wrapper.application; includeInIndex = 0; path = TodoeySwiftUI.app; sourceTree = BUILT_PRODUCTS_DIR; };
		918768E3267BAB5400A50951 /* AppDelegate.swift */ = {isa = PBXFileReference; lastKnownFileType = sourcecode.swift; path = AppDelegate.swift; sourceTree = "<group>"; };
		918768E5267BAB5400A50951 /* SceneDelegate.swift */ = {isa = PBXFileReference; lastKnownFileType = sourcecode.swift; path = SceneDelegate.swift; sourceTree = "<group>"; };
		918768E7267BAB5400A50951 /* ContentView.swift */ = {isa = PBXFileReference; lastKnownFileType = sourcecode.swift; path = ContentView.swift; sourceTree = "<group>"; };
		918768EA267BAB5400A50951 /* TodoeySwiftUI.xcdatamodel */ = {isa = PBXFileReference; lastKnownFileType = wrapper.xcdatamodel; path = TodoeySwiftUI.xcdatamodel; sourceTree = "<group>"; };
		918768EC267BAB5500A50951 /* Assets.xcassets */ = {isa = PBXFileReference; lastKnownFileType = folder.assetcatalog; path = Assets.xcassets; sourceTree = "<group>"; };
		918768EF267BAB5500A50951 /* Preview Assets.xcassets */ = {isa = PBXFileReference; lastKnownFileType = folder.assetcatalog; path = "Preview Assets.xcassets"; sourceTree = "<group>"; };
		918768F2267BAB5500A50951 /* Base */ = {isa = PBXFileReference; lastKnownFileType = file.storyboard; name = Base; path = Base.lproj/LaunchScreen.storyboard; sourceTree = "<group>"; };
		918768F4267BAB5500A50951 /* Info.plist */ = {isa = PBXFileReference; lastKnownFileType = text.plist.xml; path = Info.plist; sourceTree = "<group>"; };
/* End PBXFileReference section */

/* Begin PBXFrameworksBuildPhase section */
		918768DD267BAB5400A50951 /* Frameworks */ = {
			isa = PBXFrameworksBuildPhase;
			buildActionMask = 2147483647;
			files = (
			);
			runOnlyForDeploymentPostprocessing = 0;
		};
/* End PBXFrameworksBuildPhase section */

/* Begin PBXGroup section */
		918768D7267BAB5400A50951 = {
			isa = PBXGroup;
			children = (
				918768E2267BAB5400A50951 /* TodoeySwiftUI */,
				918768E1267BAB5400A50951 /* Products */,
			);
			sourceTree = "<group>";
		};
		918768E1267BAB5400A50951 /* Products */ = {
			isa = PBXGroup;
			children = (
				918768E0267BAB5400A50951 /* TodoeySwiftUI.app */,
			);
			name = Products;
			sourceTree = "<group>";
		};
		918768E2267BAB5400A50951 /* TodoeySwiftUI */ = {
			isa = PBXGroup;
			children = (
				918768E3267BAB5400A50951 /* AppDelegate.swift */,
				918768E5267BAB5400A50951 /* SceneDelegate.swift */,
				918768E7267BAB5400A50951 /* ContentView.swift */,
				918768EC267BAB5500A50951 /* Assets.xcassets */,
				918768F1267BAB5500A50951 /* LaunchScreen.storyboard */,
				918768F4267BAB5500A50951 /* Info.plist */,
				918768E9267BAB5400A50951 /* TodoeySwiftUI.xcdatamodeld */,
				918768EE267BAB5500A50951 /* Preview Content */,
			);
			path = TodoeySwiftUI;
			sourceTree = "<group>";
		};
		918768EE267BAB5500A50951 /* Preview Content */ = {
			isa = PBXGroup;
			children = (
				918768EF267BAB5500A50951 /* Preview Assets.xcassets */,
			);
			path = "Preview Content";
			sourceTree = "<group>";
		};
/* End PBXGroup section */

/* Begin PBXNativeTarget section */
		918768DF267BAB5400A50951 /* TodoeySwiftUI */ = {
			isa = PBXNativeTarget;
			buildConfigurationList = 918768F7267BAB5500A50951 /* Build configuration list for PBXNativeTarget "TodoeySwiftUI" */;
			buildPhases = (
				918768DC267BAB5400A50951 /* Sources */,
				918768DD267BAB5400A50951 /* Frameworks */,
				918768DE267BAB5400A50951 /* Resources */,
			);
			buildRules = (
			);
			dependencies = (
			);
			name = TodoeySwiftUI;
			productName = TodoeySwiftUI;
			productReference = 918768E0267BAB5400A50951 /* TodoeySwiftUI.app */;
			productType = "com.apple.product-type.application";
		};
/* End PBXNativeTarget section */

/* Begin PBXProject section */
		918768D8267BAB5400A50951 /* Project object */ = {
			isa = PBXProject;
			attributes = {
				LastSwiftUpdateCheck = 1250;
				LastUpgradeCheck = 1250;
				TargetAttributes = {
					918768DF267BAB5400A50951 = {
						CreatedOnToolsVersion = 12.5;
					};
				};
			};
			buildConfigurationList = 918768DB267BAB5400A50951 /* Build configuration list for PBXProject "TodoeySwiftUI" */;
			compatibilityVersion = "Xcode 9.3";
			developmentRegion = en;
			hasScannedForEncodings = 0;
			knownRegions = (
				en,
				Base,
			);
			mainGroup = 918768D7267BAB5400A50951;
			productRefGroup = 918768E1267BAB5400A50951 /* Products */;
			projectDirPath = "";
			projectRoot = "";
			targets = (
				918768DF267BAB5400A50951 /* TodoeySwiftUI */,
			);
		};
/* End PBXProject section */

/* Begin PBXResourcesBuildPhase section */
		918768DE267BAB5400A50951 /* Resources */ = {
			isa = PBXResourcesBuildPhase;
			buildActionMask = 2147483647;
			files = (
				918768F3267BAB5500A50951 /* LaunchScreen.storyboard in Resources */,
				918768F0267BAB5500A50951 /* Preview Assets.xcassets in Resources */,
				918768ED267BAB5500A50951 /* Assets.xcassets in Resources */,
			);
			runOnlyForDeploymentPostprocessing = 0;
		};
/* End PBXResourcesBuildPhase section */

/* Begin PBXSourcesBuildPhase section */
		918768DC267BAB5400A50951 /* Sources */ = {
			isa = PBXSourcesBuildPhase;
			buildActionMask = 2147483647;
			files = (
				918768E4267BAB5400A50951 /* AppDelegate.swift in Sources */,
				918768EB267BAB5400A50951 /* TodoeySwiftUI.xcdatamodeld in Sources */,
				918768E6267BAB5400A50951 /* SceneDelegate.swift in Sources */,
				918768E8267BAB5400A50951 /* ContentView.swift in Sources */,
			);
			runOnlyForDeploymentPostprocessing = 0;
		};
/* End PBXSourcesBuildPhase section */

/* Begin PBXVariantGroup section */
		918768F1267BAB5500A50951 /* LaunchScreen.storyboard */ = {
			isa = PBXVariantGroup;
			children = (
				918768F2267BAB5500A50951 /* Base */,
			);
			name = LaunchScreen.storyboard;
			sourceTree = "<group>";
		};
/* End PBXVariantGroup section */

/* Begin XCBuildConfiguration section */
		918768F5267BAB5500A50951 /* Debug */ = {
			isa = XCBuildConfiguration;
			buildSettings = {
				ALWAYS_SEARCH_USER_PATHS = NO;
				CLANG_ANALYZER_NONNULL = YES;
				CLANG_ANALYZER_NUMBER_OBJECT_CONVERSION = YES_AGGRESSIVE;
				CLANG_CXX_LANGUAGE_STANDARD = "gnu++14";
				CLANG_CXX_LIBRARY = "libc++";
				CLANG_ENABLE_MODULES = YES;
				CLANG_ENABLE_OBJC_ARC = YES;
				CLANG_ENABLE_OBJC_WEAK = YES;
				CLANG_WARN_BLOCK_CAPTURE_AUTORELEASING = YES;
				CLANG_WARN_BOOL_CONVERSION = YES;
				CLANG_WARN_COMMA = YES;
				CLANG_WARN_CONSTANT_CONVERSION = YES;
				CLANG_WARN_DEPRECATED_OBJC_IMPLEMENTATIONS = YES;
				CLANG_WARN_DIRECT_OBJC_ISA_USAGE = YES_ERROR;
				CLANG_WARN_DOCUMENTATION_COMMENTS = YES;
				CLANG_WARN_EMPTY_BODY = YES;
				CLANG_WARN_ENUM_CONVERSION = YES;
				CLANG_WARN_INFINITE_RECURSION = YES;
				CLANG_WARN_INT_CONVERSION = YES;
				CLANG_WARN_NON_LITERAL_NULL_CONVERSION = YES;
				CLANG_WARN_OBJC_IMPLICIT_RETAIN_SELF = YES;
				CLANG_WARN_OBJC_LITERAL_CONVERSION = YES;
				CLANG_WARN_OBJC_ROOT_CLASS = YES_ERROR;
				CLANG_WARN_QUOTED_INCLUDE_IN_FRAMEWORK_HEADER = YES;
				CLANG_WARN_RANGE_LOOP_ANALYSIS = YES;
				CLANG_WARN_STRICT_PROTOTYPES = YES;
				CLANG_WARN_SUSPICIOUS_MOVE = YES;
				CLANG_WARN_UNGUARDED_AVAILABILITY = YES_AGGRESSIVE;
				CLANG_WARN_UNREACHABLE_CODE = YES;
				CLANG_WARN__DUPLICATE_METHOD_MATCH = YES;
				COPY_PHASE_STRIP = NO;
				DEBUG_INFORMATION_FORMAT = dwarf;
				ENABLE_STRICT_OBJC_MSGSEND = YES;
				ENABLE_TESTABILITY = YES;
				GCC_C_LANGUAGE_STANDARD = gnu11;
				GCC_DYNAMIC_NO_PIC = NO;
				GCC_NO_COMMON_BLOCKS = YES;
				GCC_OPTIMIZATION_LEVEL = 0;
				GCC_PREPROCESSOR_DEFINITIONS = (
					"DEBUG=1",
					"$(inherited)",
				);
				GCC_WARN_64_TO_32_BIT_CONVERSION = YES;
				GCC_WARN_ABOUT_RETURN_TYPE = YES_ERROR;
				GCC_WARN_UNDECLARED_SELECTOR = YES;
				GCC_WARN_UNINITIALIZED_AUTOS = YES_AGGRESSIVE;
				GCC_WARN_UNUSED_FUNCTION = YES;
				GCC_WARN_UNUSED_VARIABLE = YES;
				IPHONEOS_DEPLOYMENT_TARGET = 14.5;
				MTL_ENABLE_DEBUG_INFO = INCLUDE_SOURCE;
				MTL_FAST_MATH = YES;
				ONLY_ACTIVE_ARCH = YES;
				SDKROOT = iphoneos;
				SWIFT_ACTIVE_COMPILATION_CONDITIONS = DEBUG;
				SWIFT_OPTIMIZATION_LEVEL = "-Onone";
			};
			name = Debug;
		};
		918768F6267BAB5500A50951 /* Release */ = {
			isa = XCBuildConfiguration;
			buildSettings = {
				ALWAYS_SEARCH_USER_PATHS = NO;
				CLANG_ANALYZER_NONNULL = YES;
				CLANG_ANALYZER_NUMBER_OBJECT_CONVERSION = YES_AGGRESSIVE;
				CLANG_CXX_LANGUAGE_STANDARD = "gnu++14";
				CLANG_CXX_LIBRARY = "libc++";
				CLANG_ENABLE_MODULES = YES;
				CLANG_ENABLE_OBJC_ARC = YES;
				CLANG_ENABLE_OBJC_WEAK = YES;
				CLANG_WARN_BLOCK_CAPTURE_AUTORELEASING = YES;
				CLANG_WARN_BOOL_CONVERSION = YES;
				CLANG_WARN_COMMA = YES;
				CLANG_WARN_CONSTANT_CONVERSION = YES;
				CLANG_WARN_DEPRECATED_OBJC_IMPLEMENTATIONS = YES;
				CLANG_WARN_DIRECT_OBJC_ISA_USAGE = YES_ERROR;
				CLANG_WARN_DOCUMENTATION_COMMENTS = YES;
				CLANG_WARN_EMPTY_BODY = YES;
				CLANG_WARN_ENUM_CONVERSION = YES;
				CLANG_WARN_INFINITE_RECURSION = YES;
				CLANG_WARN_INT_CONVERSION = YES;
				CLANG_WARN_NON_LITERAL_NULL_CONVERSION = YES;
				CLANG_WARN_OBJC_IMPLICIT_RETAIN_SELF = YES;
				CLANG_WARN_OBJC_LITERAL_CONVERSION = YES;
				CLANG_WARN_OBJC_ROOT_CLASS = YES_ERROR;
				CLANG_WARN_QUOTED_INCLUDE_IN_FRAMEWORK_HEADER = YES;
				CLANG_WARN_RANGE_LOOP_ANALYSIS = YES;
				CLANG_WARN_STRICT_PROTOTYPES = YES;
				CLANG_WARN_SUSPICIOUS_MOVE = YES;
				CLANG_WARN_UNGUARDED_AVAILABILITY = YES_AGGRESSIVE;
				CLANG_WARN_UNREACHABLE_CODE = YES;
				CLANG_WARN__DUPLICATE_METHOD_MATCH = YES;
				COPY_PHASE_STRIP = NO;
				DEBUG_INFORMATION_FORMAT = "dwarf-with-dsym";
				ENABLE_NS_ASSERTIONS = NO;
				ENABLE_STRICT_OBJC_MSGSEND = YES;
				GCC_C_LANGUAGE_STANDARD = gnu11;
				GCC_NO_COMMON_BLOCKS = YES;
				GCC_WARN_64_TO_32_BIT_CONVERSION = YES;
				GCC_WARN_ABOUT_RETURN_TYPE = YES_ERROR;
				GCC_WARN_UNDECLARED_SELECTOR = YES;
				GCC_WARN_UNINITIALIZED_AUTOS = YES_AGGRESSIVE;
				GCC_WARN_UNUSED_FUNCTION = YES;
				GCC_WARN_UNUSED_VARIABLE = YES;
				IPHONEOS_DEPLOYMENT_TARGET = 14.5;
				MTL_ENABLE_DEBUG_INFO = NO;
				MTL_FAST_MATH = YES;
				SDKROOT = iphoneos;
				SWIFT_COMPILATION_MODE = wholemodule;
				SWIFT_OPTIMIZATION_LEVEL = "-O";
				VALIDATE_PRODUCT = YES;
			};
			name = Release;
		};
		918768F8267BAB5500A50951 /* Debug */ = {
			isa = XCBuildConfiguration;
			buildSettings = {
				ASSETCATALOG_COMPILER_APPICON_NAME = AppIcon;
				ASSETCATALOG_COMPILER_GLOBAL_ACCENT_COLOR_NAME = AccentColor;
				CODE_SIGN_STYLE = Automatic;
				DEVELOPMENT_ASSET_PATHS = "\"TodoeySwiftUI/Preview Content\"";
				DEVELOPMENT_TEAM = 7D38F729S2;
				ENABLE_PREVIEWS = YES;
				INFOPLIST_FILE = TodoeySwiftUI/Info.plist;
				LD_RUNPATH_SEARCH_PATHS = (
					"$(inherited)",
					"@executable_path/Frameworks",
				);
				PRODUCT_BUNDLE_IDENTIFIER = com.lassapps.TodoeySwiftUI;
				PRODUCT_NAME = "$(TARGET_NAME)";
				SWIFT_VERSION = 5.0;
				TARGETED_DEVICE_FAMILY = "1,2";
			};
			name = Debug;
		};
		918768F9267BAB5500A50951 /* Release */ = {
			isa = XCBuildConfiguration;
			buildSettings = {
				ASSETCATALOG_COMPILER_APPICON_NAME = AppIcon;
				ASSETCATALOG_COMPILER_GLOBAL_ACCENT_COLOR_NAME = AccentColor;
				CODE_SIGN_STYLE = Automatic;
				DEVELOPMENT_ASSET_PATHS = "\"TodoeySwiftUI/Preview Content\"";
				DEVELOPMENT_TEAM = 7D38F729S2;
				ENABLE_PREVIEWS = YES;
				INFOPLIST_FILE = TodoeySwiftUI/Info.plist;
				LD_RUNPATH_SEARCH_PATHS = (
					"$(inherited)",
					"@executable_path/Frameworks",
				);
				PRODUCT_BUNDLE_IDENTIFIER = com.lassapps.TodoeySwiftUI;
				PRODUCT_NAME = "$(TARGET_NAME)";
				SWIFT_VERSION = 5.0;
				TARGETED_DEVICE_FAMILY = "1,2";
			};
			name = Release;
		};
/* End XCBuildConfiguration section */

/* Begin XCConfigurationList section */
		918768DB267BAB5400A50951 /* Build configuration list for PBXProject "TodoeySwiftUI" */ = {
			isa = XCConfigurationList;
			buildConfigurations = (
				918768F5267BAB5500A50951 /* Debug */,
				918768F6267BAB5500A50951 /* Release */,
			);
			defaultConfigurationIsVisible = 0;
			defaultConfigurationName = Release;
		};
		918768F7267BAB5500A50951 /* Build configuration list for PBXNativeTarget "TodoeySwiftUI" */ = {
			isa = XCConfigurationList;
			buildConfigurations = (
				918768F8267BAB5500A50951 /* Debug */,
				918768F9267BAB5500A50951 /* Release */,
			);
			defaultConfigurationIsVisible = 0;
			defaultConfigurationName = Release;
		};
/* End XCConfigurationList section */

/* Begin XCVersionGroup section */
		918768E9267BAB5400A50951 /* TodoeySwiftUI.xcdatamodeld */ = {
			isa = XCVersionGroup;
			children = (
				918768EA267BAB5400A50951 /* TodoeySwiftUI.xcdatamodel */,
			);
			currentVersion = 918768EA267BAB5400A50951 /* TodoeySwiftUI.xcdatamodel */;
			path = TodoeySwiftUI.xcdatamodeld;
			sourceTree = "<group>";
			versionGroupType = wrapper.xcdatamodel;
		};
/* End XCVersionGroup section */
	};
	rootObject = 918768D8267BAB5400A50951 /* Project object */;
}
